
Microsoft Visual Studio Solution File, Format Version 12.00
# Visual Studio 14
VisualStudioVersion = 14.0.23107.0
MinimumVisualStudioVersion = 10.0.40219.1
Project("{FAE04EC0-301F-11D3-BF4B-00C04F79EFBC}") = "Aresv2", "Aresv2\Aresv2.csproj", "{65C4DA11-726F-4AAE-B081-811086E29816}"
EndProject
Project("{FAE04EC0-301F-11D3-BF4B-00C04F79EFBC}") = "clsTablolar", "clsTablolar\clsTablolar.csproj", "{222CDCFF-BBA7-4363-8346-2556A90604B0}"
EndProject
Project("{FAE04EC0-301F-11D3-BF4B-00C04F79EFBC}") = "PDKS", "PDKS\PDKS.csproj", "{37A7ED3E-18E9-4584-9120-E49E175ABA57}"
EndProject
Project("{FAE04EC0-301F-11D3-BF4B-00C04F79EFBC}") = "TeraziSatis", "TeraziSatis\TeraziSatis.csproj", "{16D6444D-B911-439C-80C3-B77F25EC32E9}"
EndProject
Project("{FAE04EC0-301F-11D3-BF4B-00C04F79EFBC}") = "KasaSatis", "DXApplication1\KasaSatis\KasaSatis.csproj", "{B430129C-6757-4E7F-ADB8-90347701A877}"
EndProject
Project("{FAE04EC0-301F-11D3-BF4B-00C04F79EFBC}") = "DisaridakiPersonel2", "DXApplication1\DisaridakiPersone2\DisaridakiPersonel2.csproj", "{AFC26428-E7AA-475C-90B9-CE9398A5E85C}"
EndProject
Project("{FAE04EC0-301F-11D3-BF4B-00C04F79EFBC}") = "TeraziSatisBaslat2", "TeraziSatisBaslat2\TeraziSatisBaslat2.csproj", "{628318BB-094F-433F-8468-7B0E647735F7}"
EndProject
Project("{FAE04EC0-301F-11D3-BF4B-00C04F79EFBC}") = "TeraziSatisGuncelleme", "TeraziSatisGuncelleme\TeraziSatisGuncelleme.csproj", "{F632BC66-4E67-4D79-933E-F35BB2D41ED5}"
EndProject
Project("{FAE04EC0-301F-11D3-BF4B-00C04F79EFBC}") = "aresWPF", "aresWPF\aresWPF.csproj", "{A613C1A8-3CFF-4815-9413-3BAC84B4F9FB}"
EndProject
Global
	GlobalSection(SolutionConfigurationPlatforms) = preSolution
		Debug|Any CPU = Debug|Any CPU
		Debug|Mixed Platforms = Debug|Mixed Platforms
		Debug|x86 = Debug|x86
		Release|Any CPU = Release|Any CPU
		Release|Mixed Platforms = Release|Mixed Platforms
		Release|x86 = Release|x86
	EndGlobalSection
	GlobalSection(ProjectConfigurationPlatforms) = postSolution
		{65C4DA11-726F-4AAE-B081-811086E29816}.Debug|Any CPU.ActiveCfg = Debug|x86
		{65C4DA11-726F-4AAE-B081-811086E29816}.Debug|Any CPU.Build.0 = Debug|x86
		{65C4DA11-726F-4AAE-B081-811086E29816}.Debug|Mixed Platforms.ActiveCfg = Debug|x86
		{65C4DA11-726F-4AAE-B081-811086E29816}.Debug|Mixed Platforms.Build.0 = Debug|x86
		{65C4DA11-726F-4AAE-B081-811086E29816}.Debug|x86.ActiveCfg = Debug|x86
		{65C4DA11-726F-4AAE-B081-811086E29816}.Debug|x86.Build.0 = Debug|x86
		{65C4DA11-726F-4AAE-B081-811086E29816}.Release|Any CPU.ActiveCfg = Release|x86
		{65C4DA11-726F-4AAE-B081-811086E29816}.Release|Mixed Platforms.ActiveCfg = Release|x86
		{65C4DA11-726F-4AAE-B081-811086E29816}.Release|Mixed Platforms.Build.0 = Release|x86
		{65C4DA11-726F-4AAE-B081-811086E29816}.Release|x86.ActiveCfg = Release|x86
		{65C4DA11-726F-4AAE-B081-811086E29816}.Release|x86.Build.0 = Release|x86
		{222CDCFF-BBA7-4363-8346-2556A90604B0}.Debug|Any CPU.ActiveCfg = Debug|Any CPU
		{222CDCFF-BBA7-4363-8346-2556A90604B0}.Debug|Any CPU.Build.0 = Debug|Any CPU
		{222CDCFF-BBA7-4363-8346-2556A90604B0}.Debug|Mixed Platforms.ActiveCfg = Debug|Any CPU
		{222CDCFF-BBA7-4363-8346-2556A90604B0}.Debug|Mixed Platforms.Build.0 = Debug|Any CPU
		{222CDCFF-BBA7-4363-8346-2556A90604B0}.Debug|x86.ActiveCfg = Debug|Any CPU
		{222CDCFF-BBA7-4363-8346-2556A90604B0}.Debug|x86.Build.0 = Debug|Any CPU
		{222CDCFF-BBA7-4363-8346-2556A90604B0}.Release|Any CPU.ActiveCfg = Release|Any CPU
		{222CDCFF-BBA7-4363-8346-2556A90604B0}.Release|Any CPU.Build.0 = Release|Any CPU
		{222CDCFF-BBA7-4363-8346-2556A90604B0}.Release|Mixed Platforms.ActiveCfg = Release|Any CPU
		{222CDCFF-BBA7-4363-8346-2556A90604B0}.Release|Mixed Platforms.Build.0 = Release|Any CPU
		{222CDCFF-BBA7-4363-8346-2556A90604B0}.Release|x86.ActiveCfg = Release|Any CPU
		{222CDCFF-BBA7-4363-8346-2556A90604B0}.Release|x86.Build.0 = Release|Any CPU
		{37A7ED3E-18E9-4584-9120-E49E175ABA57}.Debug|Any CPU.ActiveCfg = Debug|Any CPU
		{37A7ED3E-18E9-4584-9120-E49E175ABA57}.Debug|Mixed Platforms.ActiveCfg = Debug|Any CPU
		{37A7ED3E-18E9-4584-9120-E49E175ABA57}.Debug|x86.ActiveCfg = Debug|Any CPU
		{37A7ED3E-18E9-4584-9120-E49E175ABA57}.Release|Any CPU.ActiveCfg = Release|Any CPU
		{37A7ED3E-18E9-4584-9120-E49E175ABA57}.Release|Any CPU.Build.0 = Release|Any CPU
		{37A7ED3E-18E9-4584-9120-E49E175ABA57}.Release|Mixed Platforms.ActiveCfg = Release|Any CPU
		{37A7ED3E-18E9-4584-9120-E49E175ABA57}.Release|Mixed Platforms.Build.0 = Release|Any CPU
		{37A7ED3E-18E9-4584-9120-E49E175ABA57}.Release|x86.ActiveCfg = Release|Any CPU
		{16D6444D-B911-439C-80C3-B77F25EC32E9}.Debug|Any CPU.ActiveCfg = Debug|Any CPU
		{16D6444D-B911-439C-80C3-B77F25EC32E9}.Debug|Any CPU.Build.0 = Debug|Any CPU
		{16D6444D-B911-439C-80C3-B77F25EC32E9}.Debug|Mixed Platforms.ActiveCfg = Debug|Any CPU
		{16D6444D-B911-439C-80C3-B77F25EC32E9}.Debug|Mixed Platforms.Build.0 = Debug|Any CPU
		{16D6444D-B911-439C-80C3-B77F25EC32E9}.Debug|x86.ActiveCfg = Debug|Any CPU
		{16D6444D-B911-439C-80C3-B77F25EC32E9}.Release|Any CPU.ActiveCfg = Release|Any CPU
		{16D6444D-B911-439C-80C3-B77F25EC32E9}.Release|Any CPU.Build.0 = Release|Any CPU
		{16D6444D-B911-439C-80C3-B77F25EC32E9}.Release|Mixed Platforms.ActiveCfg = Release|Any CPU
		{16D6444D-B911-439C-80C3-B77F25EC32E9}.Release|Mixed Platforms.Build.0 = Release|Any CPU
		{16D6444D-B911-439C-80C3-B77F25EC32E9}.Release|x86.ActiveCfg = Release|Any CPU
		{B430129C-6757-4E7F-ADB8-90347701A877}.Debug|Any CPU.ActiveCfg = Debug|Any CPU
		{B430129C-6757-4E7F-ADB8-90347701A877}.Debug|Mixed Platforms.ActiveCfg = Debug|Any CPU
		{B430129C-6757-4E7F-ADB8-90347701A877}.Debug|x86.ActiveCfg = Debug|Any CPU
		{B430129C-6757-4E7F-ADB8-90347701A877}.Release|Any CPU.ActiveCfg = Release|Any CPU
		{B430129C-6757-4E7F-ADB8-90347701A877}.Release|Any CPU.Build.0 = Release|Any CPU
		{B430129C-6757-4E7F-ADB8-90347701A877}.Release|Mixed Platforms.ActiveCfg = Release|Any CPU
		{B430129C-6757-4E7F-ADB8-90347701A877}.Release|Mixed Platforms.Build.0 = Release|Any CPU
		{B430129C-6757-4E7F-ADB8-90347701A877}.Release|x86.ActiveCfg = Release|Any CPU
		{AFC26428-E7AA-475C-90B9-CE9398A5E85C}.Debug|Any CPU.ActiveCfg = Debug|Any CPU
		{AFC26428-E7AA-475C-90B9-CE9398A5E85C}.Debug|Mixed Platforms.ActiveCfg = Debug|Any CPU
		{AFC26428-E7AA-475C-90B9-CE9398A5E85C}.Debug|x86.ActiveCfg = Debug|Any CPU
		{AFC26428-E7AA-475C-90B9-CE9398A5E85C}.Release|Any CPU.ActiveCfg = Release|Any CPU
		{AFC26428-E7AA-475C-90B9-CE9398A5E85C}.Release|Any CPU.Build.0 = Release|Any CPU
		{AFC26428-E7AA-475C-90B9-CE9398A5E85C}.Release|Mixed Platforms.ActiveCfg = Release|Any CPU
		{AFC26428-E7AA-475C-90B9-CE9398A5E85C}.Release|Mixed Platforms.Build.0 = Release|Any CPU
		{AFC26428-E7AA-475C-90B9-CE9398A5E85C}.Release|x86.ActiveCfg = Release|Any CPU
		{628318BB-094F-433F-8468-7B0E647735F7}.Debug|Any CPU.ActiveCfg = Debug|Any CPU
		{628318BB-094F-433F-8468-7B0E647735F7}.Debug|Mixed Platforms.ActiveCfg = Debug|Any CPU
		{628318BB-094F-433F-8468-7B0E647735F7}.Debug|x86.ActiveCfg = Debug|Any CPU
		{628318BB-094F-433F-8468-7B0E647735F7}.Release|Any CPU.ActiveCfg = Release|Any CPU
		{628318BB-094F-433F-8468-7B0E647735F7}.Release|Any CPU.Build.0 = Release|Any CPU
		{628318BB-094F-433F-8468-7B0E647735F7}.Release|Mixed Platforms.ActiveCfg = Release|Any CPU
		{628318BB-094F-433F-8468-7B0E647735F7}.Release|Mixed Platforms.Build.0 = Release|Any CPU
		{628318BB-094F-433F-8468-7B0E647735F7}.Release|x86.ActiveCfg = Release|Any CPU
		{F632BC66-4E67-4D79-933E-F35BB2D41ED5}.Debug|Any CPU.ActiveCfg = Debug|Any CPU
		{F632BC66-4E67-4D79-933E-F35BB2D41ED5}.Debug|Mixed Platforms.ActiveCfg = Debug|Any CPU
		{F632BC66-4E67-4D79-933E-F35BB2D41ED5}.Debug|x86.ActiveCfg = Debug|Any CPU
		{F632BC66-4E67-4D79-933E-F35BB2D41ED5}.Release|Any CPU.ActiveCfg = Release|Any CPU
		{F632BC66-4E67-4D79-933E-F35BB2D41ED5}.Release|Any CPU.Build.0 = Release|Any CPU
		{F632BC66-4E67-4D79-933E-F35BB2D41ED5}.Release|Mixed Platforms.ActiveCfg = Release|Any CPU
		{F632BC66-4E67-4D79-933E-F35BB2D41ED5}.Release|Mixed Platforms.Build.0 = Release|Any CPU
		{F632BC66-4E67-4D79-933E-F35BB2D41ED5}.Release|x86.ActiveCfg = Release|Any CPU
		{A613C1A8-3CFF-4815-9413-3BAC84B4F9FB}.Debug|Any CPU.ActiveCfg = Debug|Any CPU
		{A613C1A8-3CFF-4815-9413-3BAC84B4F9FB}.Debug|Any CPU.Build.0 = Debug|Any CPU
		{A613C1A8-3CFF-4815-9413-3BAC84B4F9FB}.Debug|Mixed Platforms.ActiveCfg = Debug|Any CPU
		{A613C1A8-3CFF-4815-9413-3BAC84B4F9FB}.Debug|x86.ActiveCfg = Debug|Any CPU
		{A613C1A8-3CFF-4815-9413-3BAC84B4F9FB}.Debug|x86.Build.0 = Debug|Any CPU
		{A613C1A8-3CFF-4815-9413-3BAC84B4F9FB}.Release|Any CPU.ActiveCfg = Release|Any CPU
		{A613C1A8-3CFF-4815-9413-3BAC84B4F9FB}.Release|Any CPU.Build.0 = Release|Any CPU
		{A613C1A8-3CFF-4815-9413-3BAC84B4F9FB}.Release|Mixed Platforms.ActiveCfg = Release|Any CPU
		{A613C1A8-3CFF-4815-9413-3BAC84B4F9FB}.Release|Mixed Platforms.Build.0 = Release|Any CPU
		{A613C1A8-3CFF-4815-9413-3BAC84B4F9FB}.Release|x86.ActiveCfg = Release|Any CPU
		{A613C1A8-3CFF-4815-9413-3BAC84B4F9FB}.Release|x86.Build.0 = Release|Any CPU
	EndGlobalSection
	GlobalSection(SolutionProperties) = preSolution
		HideSolutionNode = FALSE
	EndGlobalSection
EndGlobal
