
Microsoft Visual Studio Solution File, Format Version 12.00
# Visual Studio 2012
Project("{FAE04EC0-301F-11D3-BF4B-00C04F79EFBC}") = "Aresv2", "Aresv2\Aresv2.csproj", "{65C4DA11-726F-4AAE-B081-811086E29816}"
EndProject
Project("{FAE04EC0-301F-11D3-BF4B-00C04F79EFBC}") = "clsTablolar", "clsTablolar\clsTablolar.csproj", "{222CDCFF-BBA7-4363-8346-2556A90604B0}"
EndProject
Project("{FAE04EC0-301F-11D3-BF4B-00C04F79EFBC}") = "AresUrunTanitim", "AresUrunTanitim\AresUrunTanitim.csproj", "{8F0CFBC9-C822-4CF2-812C-D3F9CDF08B99}"
EndProject
Project("{FAE04EC0-301F-11D3-BF4B-00C04F79EFBC}") = "ProjeYonetim", "..\..\ProjeYonetim\ProjeYonetim\ProjeYonetim.csproj", "{B588FBE3-9B37-439C-9623-1275DA983498}"
EndProject
Project("{FAE04EC0-301F-11D3-BF4B-00C04F79EFBC}") = "PDKS", "PDKS\PDKS.csproj", "{37A7ED3E-18E9-4584-9120-E49E175ABA57}"
EndProject
Global
	GlobalSection(TeamFoundationVersionControl) = preSolution
		SccNumberOfProjects = 6
		SccEnterpriseProvider = {4CA58AB2-18FA-4F8D-95D4-32DDF27D184C}
		SccTeamFoundationServer = https://aresv2.tfspreview.com/defaultcollection
		SccLocalPath0 = .
		SccProjectUniqueName1 = Aresv2\\Aresv2.csproj
		SccProjectName1 = Aresv2
		SccLocalPath1 = Aresv2
		SccProjectUniqueName2 = clsTablolar\\clsTablolar.csproj
		SccProjectName2 = clsTablolar
		SccLocalPath2 = clsTablolar
		SccProjectUniqueName3 = AresUrunTanitim\\AresUrunTanitim.csproj
		SccProjectName3 = AresUrunTanitim
		SccLocalPath3 = AresUrunTanitim
		SccProjectUniqueName4 = ..\\..\\ProjeYonetim\\ProjeYonetim\\ProjeYonetim.csproj
		SccProjectName4 = ProjeYonetim
		SccLocalPath4 = ..\\..\\ProjeYonetim\\ProjeYonetim
		SccProjectUniqueName5 = PDKS\\PDKS.csproj
		SccProjectName5 = PDKS
		SccLocalPath5 = PDKS
	EndGlobalSection
	GlobalSection(SolutionConfigurationPlatforms) = preSolution
		Debug|Any CPU = Debug|Any CPU
		Debug|Mixed Platforms = Debug|Mixed Platforms
		Debug|x86 = Debug|x86
		Release|Any CPU = Release|Any CPU
		Release|Mixed Platforms = Release|Mixed Platforms
		Release|x86 = Release|x86
	EndGlobalSection
	GlobalSection(ProjectConfigurationPlatforms) = postSolution
		{65C4DA11-726F-4AAE-B081-811086E29816}.Debug|Any CPU.ActiveCfg = Debug|x86
		{65C4DA11-726F-4AAE-B081-811086E29816}.Debug|Mixed Platforms.ActiveCfg = Debug|x86
		{65C4DA11-726F-4AAE-B081-811086E29816}.Debug|Mixed Platforms.Build.0 = Debug|x86
		{65C4DA11-726F-4AAE-B081-811086E29816}.Debug|x86.ActiveCfg = Debug|x86
		{65C4DA11-726F-4AAE-B081-811086E29816}.Debug|x86.Build.0 = Debug|x86
		{65C4DA11-726F-4AAE-B081-811086E29816}.Release|Any CPU.ActiveCfg = Release|x86
		{65C4DA11-726F-4AAE-B081-811086E29816}.Release|Mixed Platforms.ActiveCfg = Release|x86
		{65C4DA11-726F-4AAE-B081-811086E29816}.Release|Mixed Platforms.Build.0 = Release|x86
		{65C4DA11-726F-4AAE-B081-811086E29816}.Release|x86.ActiveCfg = Release|x86
		{65C4DA11-726F-4AAE-B081-811086E29816}.Release|x86.Build.0 = Release|x86
		{222CDCFF-BBA7-4363-8346-2556A90604B0}.Debug|Any CPU.ActiveCfg = Debug|Any CPU
		{222CDCFF-BBA7-4363-8346-2556A90604B0}.Debug|Any CPU.Build.0 = Debug|Any CPU
		{222CDCFF-BBA7-4363-8346-2556A90604B0}.Debug|Mixed Platforms.ActiveCfg = Debug|Any CPU
		{222CDCFF-BBA7-4363-8346-2556A90604B0}.Debug|Mixed Platforms.Build.0 = Debug|Any CPU
		{222CDCFF-BBA7-4363-8346-2556A90604B0}.Debug|x86.ActiveCfg = Debug|Any CPU
		{222CDCFF-BBA7-4363-8346-2556A90604B0}.Release|Any CPU.ActiveCfg = Release|Any CPU
		{222CDCFF-BBA7-4363-8346-2556A90604B0}.Release|Any CPU.Build.0 = Release|Any CPU
		{222CDCFF-BBA7-4363-8346-2556A90604B0}.Release|Mixed Platforms.ActiveCfg = Release|Any CPU
		{222CDCFF-BBA7-4363-8346-2556A90604B0}.Release|Mixed Platforms.Build.0 = Release|Any CPU
		{222CDCFF-BBA7-4363-8346-2556A90604B0}.Release|x86.ActiveCfg = Release|Any CPU
		{8F0CFBC9-C822-4CF2-812C-D3F9CDF08B99}.Debug|Any CPU.ActiveCfg = Debug|x86
		{8F0CFBC9-C822-4CF2-812C-D3F9CDF08B99}.Debug|Mixed Platforms.ActiveCfg = Debug|x86
		{8F0CFBC9-C822-4CF2-812C-D3F9CDF08B99}.Debug|Mixed Platforms.Build.0 = Debug|x86
		{8F0CFBC9-C822-4CF2-812C-D3F9CDF08B99}.Debug|x86.ActiveCfg = Debug|x86
		{8F0CFBC9-C822-4CF2-812C-D3F9CDF08B99}.Debug|x86.Build.0 = Debug|x86
		{8F0CFBC9-C822-4CF2-812C-D3F9CDF08B99}.Release|Any CPU.ActiveCfg = Release|x86
		{8F0CFBC9-C822-4CF2-812C-D3F9CDF08B99}.Release|Mixed Platforms.ActiveCfg = Release|x86
		{8F0CFBC9-C822-4CF2-812C-D3F9CDF08B99}.Release|Mixed Platforms.Build.0 = Release|x86
		{8F0CFBC9-C822-4CF2-812C-D3F9CDF08B99}.Release|x86.ActiveCfg = Release|x86
		{8F0CFBC9-C822-4CF2-812C-D3F9CDF08B99}.Release|x86.Build.0 = Release|x86
		{B588FBE3-9B37-439C-9623-1275DA983498}.Debug|Any CPU.ActiveCfg = Debug|Any CPU
		{B588FBE3-9B37-439C-9623-1275DA983498}.Debug|Any CPU.Build.0 = Debug|Any CPU
		{B588FBE3-9B37-439C-9623-1275DA983498}.Debug|Mixed Platforms.ActiveCfg = Debug|Any CPU
		{B588FBE3-9B37-439C-9623-1275DA983498}.Debug|Mixed Platforms.Build.0 = Debug|Any CPU
		{B588FBE3-9B37-439C-9623-1275DA983498}.Debug|x86.ActiveCfg = Debug|Any CPU
		{B588FBE3-9B37-439C-9623-1275DA983498}.Release|Any CPU.ActiveCfg = Release|Any CPU
		{B588FBE3-9B37-439C-9623-1275DA983498}.Release|Any CPU.Build.0 = Release|Any CPU
		{B588FBE3-9B37-439C-9623-1275DA983498}.Release|Mixed Platforms.ActiveCfg = Release|Any CPU
		{B588FBE3-9B37-439C-9623-1275DA983498}.Release|Mixed Platforms.Build.0 = Release|Any CPU
		{B588FBE3-9B37-439C-9623-1275DA983498}.Release|x86.ActiveCfg = Release|Any CPU
		{37A7ED3E-18E9-4584-9120-E49E175ABA57}.Debug|Any CPU.ActiveCfg = Debug|Any CPU
		{37A7ED3E-18E9-4584-9120-E49E175ABA57}.Debug|Any CPU.Build.0 = Debug|Any CPU
		{37A7ED3E-18E9-4584-9120-E49E175ABA57}.Debug|Mixed Platforms.ActiveCfg = Debug|Any CPU
		{37A7ED3E-18E9-4584-9120-E49E175ABA57}.Debug|Mixed Platforms.Build.0 = Debug|Any CPU
		{37A7ED3E-18E9-4584-9120-E49E175ABA57}.Debug|x86.ActiveCfg = Debug|Any CPU
		{37A7ED3E-18E9-4584-9120-E49E175ABA57}.Release|Any CPU.ActiveCfg = Release|Any CPU
		{37A7ED3E-18E9-4584-9120-E49E175ABA57}.Release|Any CPU.Build.0 = Release|Any CPU
		{37A7ED3E-18E9-4584-9120-E49E175ABA57}.Release|Mixed Platforms.ActiveCfg = Release|Any CPU
		{37A7ED3E-18E9-4584-9120-E49E175ABA57}.Release|Mixed Platforms.Build.0 = Release|Any CPU
		{37A7ED3E-18E9-4584-9120-E49E175ABA57}.Release|x86.ActiveCfg = Release|Any CPU
	EndGlobalSection
	GlobalSection(SolutionProperties) = preSolution
		HideSolutionNode = FALSE
	EndGlobalSection
EndGlobal
